{
  "lib/account-abstraction": {
    "rev": "7af70c8993a6f42973f520ae0752386a5032abe7"
  },
  "lib/forge-std": {
    "rev": "257559546b763ec5fa7371fb77fef9102db86446"
  },
  "lib/openzeppelin-contracts": {
    "rev": "20fc52ec267698dae9591dedb0f6a30ebd29af47"
  },
  "lib/openzeppelin-contracts-upgradeable": {
    "rev": "97d7dd93894098f389d4de3a13ecf17ee438a992"
  },
  "lib/solady": {
    "rev": "ab96a830e705de13e0f58cfaefadab4ac8257655"
  },
  "lib/webauthn-sol": {
    "rev": "619f20ab0f074fef41066ee4ab24849a913263b2"
  }
}
